{
  "name": "@nexusxyz/nexus-cli",
  "version": "0.1.0",
  "lockfileVersion": 3,
  "requires": true,
  "packages": {
    "": {
      "name": "@nexusxyz/nexus-cli",
      "version": "0.1.0",
      "hasInstallScript": true,
      "license": "MIT",
      "bin": {
        "nexus-network": "bin/install-cil.js"
      }
    }
  }
}
